{
  "name": "react-virtual-list",
  "version": "1.0.0",
  "lockfileVersion": 1,
  "requires": true,
  "dependencies": {
    "@types/lodash": {
      "version": "4.14.170",
      "resolved": "https://registry.nlark.com/@types/lodash/download/@types/lodash-4.14.170.tgz",
      "integrity": "sha1-DWdxHUv39MpRR+kJG4R0ebh5JdY=",
      "dev": true
    },
    "@types/prop-types": {
      "version": "15.7.3",
      "resolved": "https://registry.nlark.com/@types/prop-types/download/@types/prop-types-15.7.3.tgz",
      "integrity": "sha1-KrDV2i5YFflLC51LldHl8kOrLKc=",
      "dev": true
    },
    "@types/react": {
      "version": "17.0.13",
      "resolved": "https://registry.nlark.com/@types/react/download/@types/react-17.0.13.tgz?cache=0&sync_timestamp=1625135613102&other_urls=https%3A%2F%2Fregistry.nlark.com%2F%40types%2Freact%2Fdownload%2F%40types%2Freact-17.0.13.tgz",
      "integrity": "sha1-a3yajyhoWGrYfZQcAjN8aIj7h08=",
      "dev": true,
      "requires": {
        "@types/prop-types": "*",
        "@types/scheduler": "*",
        "csstype": "^3.0.2"
      }
    },
    "@types/scheduler": {
      "version": "0.16.1",
      "resolved": "https://registry.nlark.com/@types/scheduler/download/@types/scheduler-0.16.1.tgz",
      "integrity": "sha1-GIRSBehv8AOFF6q3oYpiprn3EnU=",
      "dev": true
    },
    "csstype": {
      "version": "3.0.8",
      "resolved": "https://registry.nlark.com/csstype/download/csstype-3.0.8.tgz",
      "integrity": "sha1-0iZqeScp+yJ80hb7Vy9Dco4a00A=",
      "dev": true
    },
    "js-tokens": {
      "version": "4.0.0",
      "resolved": "https://registry.nlark.com/js-tokens/download/js-tokens-4.0.0.tgz?cache=0&sync_timestamp=1619345098261&other_urls=https%3A%2F%2Fregistry.nlark.com%2Fjs-tokens%2Fdownload%2Fjs-tokens-4.0.0.tgz",
      "integrity": "sha1-GSA/tZmR35jjoocFDUZHzerzJJk=",
      "dev": true
    },
    "lodash": {
      "version": "4.17.21",
      "resolved": "https://registry.nlark.com/lodash/download/lodash-4.17.21.tgz?cache=0&sync_timestamp=1624543041613&other_urls=https%3A%2F%2Fregistry.nlark.com%2Flodash%2Fdownload%2Flodash-4.17.21.tgz",
      "integrity": "sha1-Z5WRxWTDv/quhFTPCz3zcMPWkRw="
    },
    "loose-envify": {
      "version": "1.4.0",
      "resolved": "https://registry.npm.taobao.org/loose-envify/download/loose-envify-1.4.0.tgz",
      "integrity": "sha1-ce5R+nvkyuwaY4OffmgtgTLTDK8=",
      "dev": true,
      "requires": {
        "js-tokens": "^3.0.0 || ^4.0.0"
      }
    },
    "object-assign": {
      "version": "4.1.1",
      "resolved": "https://registry.nlark.com/object-assign/download/object-assign-4.1.1.tgz?cache=0&sync_timestamp=1618847043548&other_urls=https%3A%2F%2Fregistry.nlark.com%2Fobject-assign%2Fdownload%2Fobject-assign-4.1.1.tgz",
      "integrity": "sha1-IQmtx5ZYh8/AXLvUQsrIv7s2CGM=",
      "dev": true
    },
    "react": {
      "version": "17.0.2",
      "resolved": "https://registry.nlark.com/react/download/react-17.0.2.tgz?cache=0&sync_timestamp=1625242711763&other_urls=https%3A%2F%2Fregistry.nlark.com%2Freact%2Fdownload%2Freact-17.0.2.tgz",
      "integrity": "sha1-0LXMUW0p6z7uOD91tihkz7aAADc=",
      "dev": true,
      "requires": {
        "loose-envify": "^1.1.0",
        "object-assign": "^4.1.1"
      }
    },
    "react-dom": {
      "version": "17.0.2",
      "resolved": "https://registry.nlark.com/react-dom/download/react-dom-17.0.2.tgz",
      "integrity": "sha1-7P+2hF462Nv83EmPDQqTlzZQLCM=",
      "dev": true,
      "requires": {
        "loose-envify": "^1.1.0",
        "object-assign": "^4.1.1",
        "scheduler": "^0.20.2"
      }
    },
    "scheduler": {
      "version": "0.20.2",
      "resolved": "https://registry.nlark.com/scheduler/download/scheduler-0.20.2.tgz?cache=0&other_urls=https%3A%2F%2Fregistry.nlark.com%2Fscheduler%2Fdownload%2Fscheduler-0.20.2.tgz",
      "integrity": "sha1-S67jlDbjSqk7SHS93L8P6Li1DpE=",
      "dev": true,
      "requires": {
        "loose-envify": "^1.1.0",
        "object-assign": "^4.1.1"
      }
    },
    "typescript": {
      "version": "4.3.5",
      "resolved": "https://registry.nlark.com/typescript/download/typescript-4.3.5.tgz?cache=0&sync_timestamp=1625382855555&other_urls=https%3A%2F%2Fregistry.nlark.com%2Ftypescript%2Fdownload%2Ftypescript-4.3.5.tgz",
      "integrity": "sha1-TRw3zBbok5c8RaBohrcRMjTxGfQ=",
      "dev": true
    }
  }
}
